{
  "requires": true,
  "lockfileVersion": 1,
  "dependencies": {
    "alert-node": {
      "version": "3.0.11",
      "resolved": "https://registry.npmjs.org/alert-node/-/alert-node-3.0.11.tgz",
      "integrity": "sha512-O8ot3ra3qYx8porQc8ug23e7qMiVtRAGUrgauGDITTxffLqmWlk90bf0JUhbD1jd5s1+0EUq9T87ZI0N52to8Q==",
      "requires": {
        "is-program-installed": "2.0.7"
      }
    },
    "is-program-installed": {
      "version": "2.0.7",
      "resolved": "https://registry.npmjs.org/is-program-installed/-/is-program-installed-2.0.7.tgz",
      "integrity": "sha512-uunad1pkcM4mTMHiu3cMAfVteHZ4pvl4BGUIVdPv/Iu1XcylxDYd8Cfo+1pWFf77qRkWoPZPsmUkBAsHFAk2xA=="
    },
    "lodash": {
      "version": "4.17.19",
      "resolved": "https://registry.npmjs.org/lodash/-/lodash-4.17.19.tgz",
      "integrity": "sha512-JNvd8XER9GQX0v2qJgsaN/mzFCNA5BRe/j8JN9d+tWyGLSodKQHKFicdwNYzWwI3wjRnaKPsGj1XkBjx/F96DQ=="
    }
  }
}
